{
  "name": "draco-compression",
  "lockfileVersion": 2,
  "requires": true,
  "packages": {
    "": {
      "dependencies": {
        "draco3d": "^1.5.3"
      }
    },
    "node_modules/draco3d": {
      "version": "1.5.3",
      "resolved": "https://registry.npmjs.org/draco3d/-/draco3d-1.5.3.tgz",
      "integrity": "sha512-Ahum6SewAd1oVMm6Fk8T/zCE0qbzjohhO5pl1Xp5Outl4JKv7jYicfd5vNtkzImx94XE35fhNXVqHk9ajt+6Tg=="
    }
  },
  "dependencies": {
    "draco3d": {
      "version": "1.5.3",
      "resolved": "https://registry.npmjs.org/draco3d/-/draco3d-1.5.3.tgz",
      "integrity": "sha512-Ahum6SewAd1oVMm6Fk8T/zCE0qbzjohhO5pl1Xp5Outl4JKv7jYicfd5vNtkzImx94XE35fhNXVqHk9ajt+6Tg=="
    }
  }
}
